{
  "name": "log-creator",
  "version": "0.2.1",
  "lockfileVersion": 1,
  "requires": true,
  "dependencies": {
    "object-controller": {
      "version": "1.0.0",
      "resolved": "https://registry.npmjs.org/object-controller/-/object-controller-1.0.0.tgz",
      "integrity": "sha512-gk80d8ITDnyZy64DSg2JqmQVsI6iEMNlzhpqfOYqcQlfnVfWcroOp9MOvEnd3eDKhyV+k1591QYcPxp0+ZXvDQ=="
    },
    "stack-trace": {
      "version": "0.0.10",
      "resolved": "https://registry.npmjs.org/stack-trace/-/stack-trace-0.0.10.tgz",
      "integrity": "sha1-VHxws0fo0ytOEI6hoqFZ5f3eGcA="
    }
  }
}
